
Microsoft Visual Studio Solution File, Format Version 12.00
# Visual Studio Version 17
VisualStudioVersion = 17.0.32126.317
MinimumVisualStudioVersion = 10.0.40219.1
Project("{9A19103F-16F7-4668-BE54-9A1E7A4F7556}") = "LinkGroup.DemoTests", "SpecFlowProject1\LinkGroup.DemoTests.csproj", "{1D8A34CE-06C2-4A31-A21E-BB8853C05400}"
EndProject
Global
	GlobalSection(SolutionConfigurationPlatforms) = preSolution
		Debug|Any CPU = Debug|Any CPU
		Release|Any CPU = Release|Any CPU
	EndGlobalSection
	GlobalSection(ProjectConfigurationPlatforms) = postSolution
		{1D8A34CE-06C2-4A31-A21E-BB8853C05400}.Debug|Any CPU.ActiveCfg = Debug|Any CPU
		{1D8A34CE-06C2-4A31-A21E-BB8853C05400}.Debug|Any CPU.Build.0 = Debug|Any CPU
		{1D8A34CE-06C2-4A31-A21E-BB8853C05400}.Release|Any CPU.ActiveCfg = Release|Any CPU
		{1D8A34CE-06C2-4A31-A21E-BB8853C05400}.Release|Any CPU.Build.0 = Release|Any CPU
	EndGlobalSection
	GlobalSection(SolutionProperties) = preSolution
		HideSolutionNode = FALSE
	EndGlobalSection
	GlobalSection(ExtensibilityGlobals) = postSolution
		SolutionGuid = {5F3563FB-70E7-4941-8E1A-28D4FA34EFD9}
	EndGlobalSection
EndGlobal
